Microsoft Visual Studio Solution File, Format Version 12.00
# Visual Studio Version 17
VisualStudioVersion = 17.10.35122.118
MinimumVisualStudioVersion = 10.0.40219.1
Project("{9A19103F-16F7-4668-BE54-9A1E7A4F7556}") = "X86Codec", "X86Codec\X86Codec.csproj", "{BD1B05D2-429D-4080-BDDF-981C0F78A192}"
EndProject
Project("{9A19103F-16F7-4668-BE54-9A1E7A4F7556}") = "Disassembler", "Disassembler\Disassembler.csproj", "{FE4ABC64-1873-4E7D-B930-D50D2E948E1E}"
EndProject
Project("{9A19103F-16F7-4668-BE54-9A1E7A4F7556}") = "WpfDebugger", "WpfDebugger\WpfDebugger.csproj", "{03ED8F73-C521-4114-A1A0-5C3C09FABFD6}"
EndProject
Project("{9A19103F-16F7-4668-BE54-9A1E7A4F7556}") = "FileFormats", "FileFormats\FileFormats.csproj", "{536C6FE2-6F7B-4FCA-8E56-47B6BE7F9ECD}"
EndProject
Project("{9A19103F-16F7-4668-BE54-9A1E7A4F7556}") = "AvalonDock", "AvalonDock\AvalonDock.csproj", "{FBFBE67D-199C-4833-BF0F-61AED8D95637}"
EndProject
Project("{9A19103F-16F7-4668-BE54-9A1E7A4F7556}") = "AvalonDock.Themes.Aero", "AvalonDock.Themes.Aero\AvalonDock.Themes.Aero.csproj", "{B1BF0D64-DB23-475A-B55A-FBADE212DA60}"
EndProject
Project("{9A19103F-16F7-4668-BE54-9A1E7A4F7556}") = "AvalonDock.Themes.Expression", "AvalonDock.Themes.Expression\AvalonDock.Themes.Expression.csproj", "{3A1B5537-2DDE-4A37-9BED-94524B90DFC4}"
EndProject
Project("{9A19103F-16F7-4668-BE54-9A1E7A4F7556}") = "AvalonDock.Themes.Metro", "AvalonDock.Themes.Metro\AvalonDock.Themes.Metro.csproj", "{48B60FA5-74DD-44FA-B033-72C2C22B1C40}"
EndProject
Project("{9A19103F-16F7-4668-BE54-9A1E7A4F7556}") = "AvalonDock.Themes.VS2010", "AvalonDock.Themes.VS2010\AvalonDock.Themes.VS2010.csproj", "{A2E689BA-5F10-42EE-9C4A-959A5BD78692}"
EndProject
Project("{9A19103F-16F7-4668-BE54-9A1E7A4F7556}") = "AvalonDock.Themes.VS2013", "AvalonDock.Themes.VS2013\AvalonDock.Themes.VS2013.csproj", "{63BCB792-4E13-4665-90EF-A4D5F95389C4}"
EndProject
Global
	GlobalSection(SolutionConfigurationPlatforms) = preSolution
		Debug|Any CPU = Debug|Any CPU
		Debug|Mixed Platforms = Debug|Mixed Platforms
		Debug|x64 = Debug|x64
		Debug|x86 = Debug|x86
		Release|Any CPU = Release|Any CPU
		Release|Mixed Platforms = Release|Mixed Platforms
		Release|x64 = Release|x64
		Release|x86 = Release|x86
	EndGlobalSection
	GlobalSection(ProjectConfigurationPlatforms) = postSolution
		{BD1B05D2-429D-4080-BDDF-981C0F78A192}.Debug|Any CPU.ActiveCfg = Debug|Any CPU
		{BD1B05D2-429D-4080-BDDF-981C0F78A192}.Debug|Any CPU.Build.0 = Debug|Any CPU
		{BD1B05D2-429D-4080-BDDF-981C0F78A192}.Debug|Mixed Platforms.ActiveCfg = Debug|x86
		{BD1B05D2-429D-4080-BDDF-981C0F78A192}.Debug|Mixed Platforms.Build.0 = Debug|x86
		{BD1B05D2-429D-4080-BDDF-981C0F78A192}.Debug|x64.ActiveCfg = Debug|x64
		{BD1B05D2-429D-4080-BDDF-981C0F78A192}.Debug|x64.Build.0 = Debug|x64
		{BD1B05D2-429D-4080-BDDF-981C0F78A192}.Debug|x86.ActiveCfg = Debug|x86
		{BD1B05D2-429D-4080-BDDF-981C0F78A192}.Debug|x86.Build.0 = Debug|x86
		{BD1B05D2-429D-4080-BDDF-981C0F78A192}.Release|Any CPU.ActiveCfg = Release|Any CPU
		{BD1B05D2-429D-4080-BDDF-981C0F78A192}.Release|Any CPU.Build.0 = Release|Any CPU
		{BD1B05D2-429D-4080-BDDF-981C0F78A192}.Release|Mixed Platforms.ActiveCfg = Release|x86
		{BD1B05D2-429D-4080-BDDF-981C0F78A192}.Release|Mixed Platforms.Build.0 = Release|x86
		{BD1B05D2-429D-4080-BDDF-981C0F78A192}.Release|x64.ActiveCfg = Release|x64
		{BD1B05D2-429D-4080-BDDF-981C0F78A192}.Release|x64.Build.0 = Release|x64
		{BD1B05D2-429D-4080-BDDF-981C0F78A192}.Release|x86.ActiveCfg = Release|x86
		{BD1B05D2-429D-4080-BDDF-981C0F78A192}.Release|x86.Build.0 = Release|x86
		{FE4ABC64-1873-4E7D-B930-D50D2E948E1E}.Debug|Any CPU.ActiveCfg = Debug|Any CPU
		{FE4ABC64-1873-4E7D-B930-D50D2E948E1E}.Debug|Any CPU.Build.0 = Debug|Any CPU
		{FE4ABC64-1873-4E7D-B930-D50D2E948E1E}.Debug|Mixed Platforms.ActiveCfg = Debug|x86
		{FE4ABC64-1873-4E7D-B930-D50D2E948E1E}.Debug|Mixed Platforms.Build.0 = Debug|x86
		{FE4ABC64-1873-4E7D-B930-D50D2E948E1E}.Debug|x64.ActiveCfg = Debug|x64
		{FE4ABC64-1873-4E7D-B930-D50D2E948E1E}.Debug|x64.Build.0 = Debug|x64
		{FE4ABC64-1873-4E7D-B930-D50D2E948E1E}.Debug|x86.ActiveCfg = Debug|x86
		{FE4ABC64-1873-4E7D-B930-D50D2E948E1E}.Debug|x86.Build.0 = Debug|x86
		{FE4ABC64-1873-4E7D-B930-D50D2E948E1E}.Release|Any CPU.ActiveCfg = Release|Any CPU
		{FE4ABC64-1873-4E7D-B930-D50D2E948E1E}.Release|Any CPU.Build.0 = Release|Any CPU
		{FE4ABC64-1873-4E7D-B930-D50D2E948E1E}.Release|Mixed Platforms.ActiveCfg = Release|x86
		{FE4ABC64-1873-4E7D-B930-D50D2E948E1E}.Release|Mixed Platforms.Build.0 = Release|x86
		{FE4ABC64-1873-4E7D-B930-D50D2E948E1E}.Release|x64.ActiveCfg = Release|x64
		{FE4ABC64-1873-4E7D-B930-D50D2E948E1E}.Release|x64.Build.0 = Release|x64
		{FE4ABC64-1873-4E7D-B930-D50D2E948E1E}.Release|x86.ActiveCfg = Release|x86
		{FE4ABC64-1873-4E7D-B930-D50D2E948E1E}.Release|x86.Build.0 = Release|x86
		{03ED8F73-C521-4114-A1A0-5C3C09FABFD6}.Debug|Any CPU.ActiveCfg = Debug|Any CPU
		{03ED8F73-C521-4114-A1A0-5C3C09FABFD6}.Debug|Any CPU.Build.0 = Debug|Any CPU
		{03ED8F73-C521-4114-A1A0-5C3C09FABFD6}.Debug|Mixed Platforms.ActiveCfg = Debug|x86
		{03ED8F73-C521-4114-A1A0-5C3C09FABFD6}.Debug|Mixed Platforms.Build.0 = Debug|x86
		{03ED8F73-C521-4114-A1A0-5C3C09FABFD6}.Debug|x64.ActiveCfg = Debug|Any CPU
		{03ED8F73-C521-4114-A1A0-5C3C09FABFD6}.Debug|x86.ActiveCfg = Debug|x86
		{03ED8F73-C521-4114-A1A0-5C3C09FABFD6}.Debug|x86.Build.0 = Debug|x86
		{03ED8F73-C521-4114-A1A0-5C3C09FABFD6}.Release|Any CPU.ActiveCfg = Release|Any CPU
		{03ED8F73-C521-4114-A1A0-5C3C09FABFD6}.Release|Any CPU.Build.0 = Release|Any CPU
		{03ED8F73-C521-4114-A1A0-5C3C09FABFD6}.Release|Mixed Platforms.ActiveCfg = Release|x86
		{03ED8F73-C521-4114-A1A0-5C3C09FABFD6}.Release|Mixed Platforms.Build.0 = Release|x86
		{03ED8F73-C521-4114-A1A0-5C3C09FABFD6}.Release|x64.ActiveCfg = Release|Any CPU
		{03ED8F73-C521-4114-A1A0-5C3C09FABFD6}.Release|x86.ActiveCfg = Release|x86
		{03ED8F73-C521-4114-A1A0-5C3C09FABFD6}.Release|x86.Build.0 = Release|x86
		{536C6FE2-6F7B-4FCA-8E56-47B6BE7F9ECD}.Debug|Any CPU.ActiveCfg = Debug|Any CPU
		{536C6FE2-6F7B-4FCA-8E56-47B6BE7F9ECD}.Debug|Any CPU.Build.0 = Debug|Any CPU
		{536C6FE2-6F7B-4FCA-8E56-47B6BE7F9ECD}.Debug|Mixed Platforms.ActiveCfg = Debug|Any CPU
		{536C6FE2-6F7B-4FCA-8E56-47B6BE7F9ECD}.Debug|Mixed Platforms.Build.0 = Debug|Any CPU
		{536C6FE2-6F7B-4FCA-8E56-47B6BE7F9ECD}.Debug|x64.ActiveCfg = Debug|Any CPU
		{536C6FE2-6F7B-4FCA-8E56-47B6BE7F9ECD}.Debug|x86.ActiveCfg = Debug|x86
		{536C6FE2-6F7B-4FCA-8E56-47B6BE7F9ECD}.Debug|x86.Build.0 = Debug|x86
		{536C6FE2-6F7B-4FCA-8E56-47B6BE7F9ECD}.Release|Any CPU.ActiveCfg = Release|Any CPU
		{536C6FE2-6F7B-4FCA-8E56-47B6BE7F9ECD}.Release|Any CPU.Build.0 = Release|Any CPU
		{536C6FE2-6F7B-4FCA-8E56-47B6BE7F9ECD}.Release|Mixed Platforms.ActiveCfg = Release|Any CPU
		{536C6FE2-6F7B-4FCA-8E56-47B6BE7F9ECD}.Release|Mixed Platforms.Build.0 = Release|Any CPU
		{536C6FE2-6F7B-4FCA-8E56-47B6BE7F9ECD}.Release|x64.ActiveCfg = Release|Any CPU
		{536C6FE2-6F7B-4FCA-8E56-47B6BE7F9ECD}.Release|x86.ActiveCfg = Release|x86
		{536C6FE2-6F7B-4FCA-8E56-47B6BE7F9ECD}.Release|x86.Build.0 = Release|x86
		{FBFBE67D-199C-4833-BF0F-61AED8D95637}.Debug|Any CPU.ActiveCfg = Debug|Any CPU
		{FBFBE67D-199C-4833-BF0F-61AED8D95637}.Debug|Any CPU.Build.0 = Debug|Any CPU
		{FBFBE67D-199C-4833-BF0F-61AED8D95637}.Debug|Mixed Platforms.ActiveCfg = Debug|Any CPU
		{FBFBE67D-199C-4833-BF0F-61AED8D95637}.Debug|Mixed Platforms.Build.0 = Debug|Any CPU
		{FBFBE67D-199C-4833-BF0F-61AED8D95637}.Debug|x64.ActiveCfg = Debug|Any CPU
		{FBFBE67D-199C-4833-BF0F-61AED8D95637}.Debug|x64.Build.0 = Debug|Any CPU
		{FBFBE67D-199C-4833-BF0F-61AED8D95637}.Debug|x86.ActiveCfg = Debug|Any CPU
		{FBFBE67D-199C-4833-BF0F-61AED8D95637}.Debug|x86.Build.0 = Debug|Any CPU
		{FBFBE67D-199C-4833-BF0F-61AED8D95637}.Release|Any CPU.ActiveCfg = Release|Any CPU
		{FBFBE67D-199C-4833-BF0F-61AED8D95637}.Release|Any CPU.Build.0 = Release|Any CPU
		{FBFBE67D-199C-4833-BF0F-61AED8D95637}.Release|Mixed Platforms.ActiveCfg = Release|Any CPU
		{FBFBE67D-199C-4833-BF0F-61AED8D95637}.Release|Mixed Platforms.Build.0 = Release|Any CPU
		{FBFBE67D-199C-4833-BF0F-61AED8D95637}.Release|x64.ActiveCfg = Release|Any CPU
		{FBFBE67D-199C-4833-BF0F-61AED8D95637}.Release|x64.Build.0 = Release|Any CPU
		{FBFBE67D-199C-4833-BF0F-61AED8D95637}.Release|x86.ActiveCfg = Release|Any CPU
		{FBFBE67D-199C-4833-BF0F-61AED8D95637}.Release|x86.Build.0 = Release|Any CPU
		{B1BF0D64-DB23-475A-B55A-FBADE212DA60}.Debug|Any CPU.ActiveCfg = Debug|Any CPU
		{B1BF0D64-DB23-475A-B55A-FBADE212DA60}.Debug|Any CPU.Build.0 = Debug|Any CPU
		{B1BF0D64-DB23-475A-B55A-FBADE212DA60}.Debug|Mixed Platforms.ActiveCfg = Debug|Any CPU
		{B1BF0D64-DB23-475A-B55A-FBADE212DA60}.Debug|Mixed Platforms.Build.0 = Debug|Any CPU
		{B1BF0D64-DB23-475A-B55A-FBADE212DA60}.Debug|x64.ActiveCfg = Debug|Any CPU
		{B1BF0D64-DB23-475A-B55A-FBADE212DA60}.Debug|x64.Build.0 = Debug|Any CPU
		{B1BF0D64-DB23-475A-B55A-FBADE212DA60}.Debug|x86.ActiveCfg = Debug|Any CPU
		{B1BF0D64-DB23-475A-B55A-FBADE212DA60}.Debug|x86.Build.0 = Debug|Any CPU
		{B1BF0D64-DB23-475A-B55A-FBADE212DA60}.Release|Any CPU.ActiveCfg = Release|Any CPU
		{B1BF0D64-DB23-475A-B55A-FBADE212DA60}.Release|Any CPU.Build.0 = Release|Any CPU
		{B1BF0D64-DB23-475A-B55A-FBADE212DA60}.Release|Mixed Platforms.ActiveCfg = Release|Any CPU
		{B1BF0D64-DB23-475A-B55A-FBADE212DA60}.Release|Mixed Platforms.Build.0 = Release|Any CPU
		{B1BF0D64-DB23-475A-B55A-FBADE212DA60}.Release|x64.ActiveCfg = Release|Any CPU
		{B1BF0D64-DB23-475A-B55A-FBADE212DA60}.Release|x64.Build.0 = Release|Any CPU
		{B1BF0D64-DB23-475A-B55A-FBADE212DA60}.Release|x86.ActiveCfg = Release|Any CPU
		{B1BF0D64-DB23-475A-B55A-FBADE212DA60}.Release|x86.Build.0 = Release|Any CPU
		{3A1B5537-2DDE-4A37-9BED-94524B90DFC4}.Debug|Any CPU.ActiveCfg = Debug|Any CPU
		{3A1B5537-2DDE-4A37-9BED-94524B90DFC4}.Debug|Any CPU.Build.0 = Debug|Any CPU
		{3A1B5537-2DDE-4A37-9BED-94524B90DFC4}.Debug|Mixed Platforms.ActiveCfg = Debug|Any CPU
		{3A1B5537-2DDE-4A37-9BED-94524B90DFC4}.Debug|Mixed Platforms.Build.0 = Debug|Any CPU
		{3A1B5537-2DDE-4A37-9BED-94524B90DFC4}.Debug|x64.ActiveCfg = Debug|Any CPU
		{3A1B5537-2DDE-4A37-9BED-94524B90DFC4}.Debug|x64.Build.0 = Debug|Any CPU
		{3A1B5537-2DDE-4A37-9BED-94524B90DFC4}.Debug|x86.ActiveCfg = Debug|Any CPU
		{3A1B5537-2DDE-4A37-9BED-94524B90DFC4}.Debug|x86.Build.0 = Debug|Any CPU
		{3A1B5537-2DDE-4A37-9BED-94524B90DFC4}.Release|Any CPU.ActiveCfg = Release|Any CPU
		{3A1B5537-2DDE-4A37-9BED-94524B90DFC4}.Release|Any CPU.Build.0 = Release|Any CPU
		{3A1B5537-2DDE-4A37-9BED-94524B90DFC4}.Release|Mixed Platforms.ActiveCfg = Release|Any CPU
		{3A1B5537-2DDE-4A37-9BED-94524B90DFC4}.Release|Mixed Platforms.Build.0 = Release|Any CPU
		{3A1B5537-2DDE-4A37-9BED-94524B90DFC4}.Release|x64.ActiveCfg = Release|Any CPU
		{3A1B5537-2DDE-4A37-9BED-94524B90DFC4}.Release|x64.Build.0 = Release|Any CPU
		{3A1B5537-2DDE-4A37-9BED-94524B90DFC4}.Release|x86.ActiveCfg = Release|Any CPU
		{3A1B5537-2DDE-4A37-9BED-94524B90DFC4}.Release|x86.Build.0 = Release|Any CPU
		{48B60FA5-74DD-44FA-B033-72C2C22B1C40}.Debug|Any CPU.ActiveCfg = Debug|Any CPU
		{48B60FA5-74DD-44FA-B033-72C2C22B1C40}.Debug|Any CPU.Build.0 = Debug|Any CPU
		{48B60FA5-74DD-44FA-B033-72C2C22B1C40}.Debug|Mixed Platforms.ActiveCfg = Debug|Any CPU
		{48B60FA5-74DD-44FA-B033-72C2C22B1C40}.Debug|Mixed Platforms.Build.0 = Debug|Any CPU
		{48B60FA5-74DD-44FA-B033-72C2C22B1C40}.Debug|x64.ActiveCfg = Debug|Any CPU
		{48B60FA5-74DD-44FA-B033-72C2C22B1C40}.Debug|x64.Build.0 = Debug|Any CPU
		{48B60FA5-74DD-44FA-B033-72C2C22B1C40}.Debug|x86.ActiveCfg = Debug|Any CPU
		{48B60FA5-74DD-44FA-B033-72C2C22B1C40}.Debug|x86.Build.0 = Debug|Any CPU
		{48B60FA5-74DD-44FA-B033-72C2C22B1C40}.Release|Any CPU.ActiveCfg = Release|Any CPU
		{48B60FA5-74DD-44FA-B033-72C2C22B1C40}.Release|Any CPU.Build.0 = Release|Any CPU
		{48B60FA5-74DD-44FA-B033-72C2C22B1C40}.Release|Mixed Platforms.ActiveCfg = Release|Any CPU
		{48B60FA5-74DD-44FA-B033-72C2C22B1C40}.Release|Mixed Platforms.Build.0 = Release|Any CPU
		{48B60FA5-74DD-44FA-B033-72C2C22B1C40}.Release|x64.ActiveCfg = Release|Any CPU
		{48B60FA5-74DD-44FA-B033-72C2C22B1C40}.Release|x64.Build.0 = Release|Any CPU
		{48B60FA5-74DD-44FA-B033-72C2C22B1C40}.Release|x86.ActiveCfg = Release|Any CPU
		{48B60FA5-74DD-44FA-B033-72C2C22B1C40}.Release|x86.Build.0 = Release|Any CPU
		{A2E689BA-5F10-42EE-9C4A-959A5BD78692}.Debug|Any CPU.ActiveCfg = Debug|Any CPU
		{A2E689BA-5F10-42EE-9C4A-959A5BD78692}.Debug|Any CPU.Build.0 = Debug|Any CPU
		{A2E689BA-5F10-42EE-9C4A-959A5BD78692}.Debug|Mixed Platforms.ActiveCfg = Debug|Any CPU
		{A2E689BA-5F10-42EE-9C4A-959A5BD78692}.Debug|Mixed Platforms.Build.0 = Debug|Any CPU
		{A2E689BA-5F10-42EE-9C4A-959A5BD78692}.Debug|x64.ActiveCfg = Debug|Any CPU
		{A2E689BA-5F10-42EE-9C4A-959A5BD78692}.Debug|x64.Build.0 = Debug|Any CPU
		{A2E689BA-5F10-42EE-9C4A-959A5BD78692}.Debug|x86.ActiveCfg = Debug|Any CPU
		{A2E689BA-5F10-42EE-9C4A-959A5BD78692}.Debug|x86.Build.0 = Debug|Any CPU
		{A2E689BA-5F10-42EE-9C4A-959A5BD78692}.Release|Any CPU.ActiveCfg = Release|Any CPU
		{A2E689BA-5F10-42EE-9C4A-959A5BD78692}.Release|Any CPU.Build.0 = Release|Any CPU
		{A2E689BA-5F10-42EE-9C4A-959A5BD78692}.Release|Mixed Platforms.ActiveCfg = Release|Any CPU
		{A2E689BA-5F10-42EE-9C4A-959A5BD78692}.Release|Mixed Platforms.Build.0 = Release|Any CPU
		{A2E689BA-5F10-42EE-9C4A-959A5BD78692}.Release|x64.ActiveCfg = Release|Any CPU
		{A2E689BA-5F10-42EE-9C4A-959A5BD78692}.Release|x64.Build.0 = Release|Any CPU
		{A2E689BA-5F10-42EE-9C4A-959A5BD78692}.Release|x86.ActiveCfg = Release|Any CPU
		{A2E689BA-5F10-42EE-9C4A-959A5BD78692}.Release|x86.Build.0 = Release|Any CPU
		{63BCB792-4E13-4665-90EF-A4D5F95389C4}.Debug|Any CPU.ActiveCfg = Debug|Any CPU
		{63BCB792-4E13-4665-90EF-A4D5F95389C4}.Debug|Any CPU.Build.0 = Debug|Any CPU
		{63BCB792-4E13-4665-90EF-A4D5F95389C4}.Debug|Mixed Platforms.ActiveCfg = Debug|Any CPU
		{63BCB792-4E13-4665-90EF-A4D5F95389C4}.Debug|Mixed Platforms.Build.0 = Debug|Any CPU
		{63BCB792-4E13-4665-90EF-A4D5F95389C4}.Debug|x64.ActiveCfg = Debug|Any CPU
		{63BCB792-4E13-4665-90EF-A4D5F95389C4}.Debug|x64.Build.0 = Debug|Any CPU
		{63BCB792-4E13-4665-90EF-A4D5F95389C4}.Debug|x86.ActiveCfg = Debug|Any CPU
		{63BCB792-4E13-4665-90EF-A4D5F95389C4}.Debug|x86.Build.0 = Debug|Any CPU
		{63BCB792-4E13-4665-90EF-A4D5F95389C4}.Release|Any CPU.ActiveCfg = Release|Any CPU
		{63BCB792-4E13-4665-90EF-A4D5F95389C4}.Release|Any CPU.Build.0 = Release|Any CPU
		{63BCB792-4E13-4665-90EF-A4D5F95389C4}.Release|Mixed Platforms.ActiveCfg = Release|Any CPU
		{63BCB792-4E13-4665-90EF-A4D5F95389C4}.Release|Mixed Platforms.Build.0 = Release|Any CPU
		{63BCB792-4E13-4665-90EF-A4D5F95389C4}.Release|x64.ActiveCfg = Release|Any CPU
		{63BCB792-4E13-4665-90EF-A4D5F95389C4}.Release|x64.Build.0 = Release|Any CPU
		{63BCB792-4E13-4665-90EF-A4D5F95389C4}.Release|x86.ActiveCfg = Release|Any CPU
		{63BCB792-4E13-4665-90EF-A4D5F95389C4}.Release|x86.Build.0 = Release|Any CPU
	EndGlobalSection
	GlobalSection(SolutionProperties) = preSolution
		HideSolutionNode = FALSE
	EndGlobalSection
	GlobalSection(ExtensibilityGlobals) = postSolution
		SolutionGuid = {690BE144-C66E-44CB-8AF5-BE03E6D09F8F}
	EndGlobalSection
EndGlobal
